// !$*UTF8*$!
{
	archiveVersion = 1;
	classes = {
	};
	objectVersion = 56;
	objects = {

/* Begin PBXBuildFile section */
		5C2CC16A2AA52242006230B7 /* Superhero_API_iOSApp.swift in Sources */ = {isa = PBXBuildFile; fileRef = 5C2CC1692AA52242006230B7 /* Superhero_API_iOSApp.swift */; };
		5C2CC16C2AA52242006230B7 /* ContentView.swift in Sources */ = {isa = PBXBuildFile; fileRef = 5C2CC16B2AA52242006230B7 /* ContentView.swift */; };
		5C2CC16E2AA52243006230B7 /* Assets.xcassets in Resources */ = {isa = PBXBuildFile; fileRef = 5C2CC16D2AA52243006230B7 /* Assets.xcassets */; };
		5C2CC1712AA52243006230B7 /* Preview Assets.xcassets in Resources */ = {isa = PBXBuildFile; fileRef = 5C2CC1702AA52243006230B7 /* Preview Assets.xcassets */; };
		5C2CC17B2AA52244006230B7 /* Superhero_API_iOSTests.swift in Sources */ = {isa = PBXBuildFile; fileRef = 5C2CC17A2AA52244006230B7 /* Superhero_API_iOSTests.swift */; };
		5C2CC1852AA52244006230B7 /* Superhero_API_iOSUITests.swift in Sources */ = {isa = PBXBuildFile; fileRef = 5C2CC1842AA52244006230B7 /* Superhero_API_iOSUITests.swift */; };
		5C2CC1872AA52244006230B7 /* Superhero_API_iOSUITestsLaunchTests.swift in Sources */ = {isa = PBXBuildFile; fileRef = 5C2CC1862AA52244006230B7 /* Superhero_API_iOSUITestsLaunchTests.swift */; };
		5C2CC1942AA5251C006230B7 /* APIService.swift in Sources */ = {isa = PBXBuildFile; fileRef = 5C2CC1932AA5251C006230B7 /* APIService.swift */; };
		5C2CC1962AA52527006230B7 /* SuperheroModel.swift in Sources */ = {isa = PBXBuildFile; fileRef = 5C2CC1952AA52527006230B7 /* SuperheroModel.swift */; };
		5C2CC19A2AA5404C006230B7 /* ContentViewModel.swift in Sources */ = {isa = PBXBuildFile; fileRef = 5C2CC1992AA5404C006230B7 /* ContentViewModel.swift */; };
/* End PBXBuildFile section */

/* Begin PBXContainerItemProxy section */
		5C2CC1772AA52244006230B7 /* PBXContainerItemProxy */ = {
			isa = PBXContainerItemProxy;
			containerPortal = 5C2CC15E2AA52242006230B7 /* Project object */;
			proxyType = 1;
			remoteGlobalIDString = 5C2CC1652AA52242006230B7;
			remoteInfo = "Superhero-API-iOS";
		};
		5C2CC1812AA52244006230B7 /* PBXContainerItemProxy */ = {
			isa = PBXContainerItemProxy;
			containerPortal = 5C2CC15E2AA52242006230B7 /* Project object */;
			proxyType = 1;
			remoteGlobalIDString = 5C2CC1652AA52242006230B7;
			remoteInfo = "Superhero-API-iOS";
		};
/* End PBXContainerItemProxy section */

/* Begin PBXFileReference section */
		5C2CC1662AA52242006230B7 /* Superhero-API-iOS.app */ = {isa = PBXFileReference; explicitFileType = wrapper.application; includeInIndex = 0; path = "Superhero-API-iOS.app"; sourceTree = BUILT_PRODUCTS_DIR; };
		5C2CC1692AA52242006230B7 /* Superhero_API_iOSApp.swift */ = {isa = PBXFileReference; lastKnownFileType = sourcecode.swift; path = Superhero_API_iOSApp.swift; sourceTree = "<group>"; };
		5C2CC16B2AA52242006230B7 /* ContentView.swift */ = {isa = PBXFileReference; lastKnownFileType = sourcecode.swift; path = ContentView.swift; sourceTree = "<group>"; };
		5C2CC16D2AA52243006230B7 /* Assets.xcassets */ = {isa = PBXFileReference; lastKnownFileType = folder.assetcatalog; path = Assets.xcassets; sourceTree = "<group>"; };
		5C2CC1702AA52243006230B7 /* Preview Assets.xcassets */ = {isa = PBXFileReference; lastKnownFileType = folder.assetcatalog; path = "Preview Assets.xcassets"; sourceTree = "<group>"; };
		5C2CC1762AA52244006230B7 /* Superhero-API-iOSTests.xctest */ = {isa = PBXFileReference; explicitFileType = wrapper.cfbundle; includeInIndex = 0; path = "Superhero-API-iOSTests.xctest"; sourceTree = BUILT_PRODUCTS_DIR; };
		5C2CC17A2AA52244006230B7 /* Superhero_API_iOSTests.swift */ = {isa = PBXFileReference; lastKnownFileType = sourcecode.swift; path = Superhero_API_iOSTests.swift; sourceTree = "<group>"; };
		5C2CC1802AA52244006230B7 /* Superhero-API-iOSUITests.xctest */ = {isa = PBXFileReference; explicitFileType = wrapper.cfbundle; includeInIndex = 0; path = "Superhero-API-iOSUITests.xctest"; sourceTree = BUILT_PRODUCTS_DIR; };
		5C2CC1842AA52244006230B7 /* Superhero_API_iOSUITests.swift */ = {isa = PBXFileReference; lastKnownFileType = sourcecode.swift; path = Superhero_API_iOSUITests.swift; sourceTree = "<group>"; };
		5C2CC1862AA52244006230B7 /* Superhero_API_iOSUITestsLaunchTests.swift */ = {isa = PBXFileReference; lastKnownFileType = sourcecode.swift; path = Superhero_API_iOSUITestsLaunchTests.swift; sourceTree = "<group>"; };
		5C2CC1932AA5251C006230B7 /* APIService.swift */ = {isa = PBXFileReference; lastKnownFileType = sourcecode.swift; path = APIService.swift; sourceTree = "<group>"; };
		5C2CC1952AA52527006230B7 /* SuperheroModel.swift */ = {isa = PBXFileReference; lastKnownFileType = sourcecode.swift; path = SuperheroModel.swift; sourceTree = "<group>"; };
		5C2CC1972AA52B2E006230B7 /* Superhero-API-iOS.entitlements */ = {isa = PBXFileReference; lastKnownFileType = text.plist.entitlements; path = "Superhero-API-iOS.entitlements"; sourceTree = "<group>"; };
		5C2CC1982AA52BD8006230B7 /* Info.plist */ = {isa = PBXFileReference; lastKnownFileType = text.plist; path = Info.plist; sourceTree = "<group>"; };
		5C2CC1992AA5404C006230B7 /* ContentViewModel.swift */ = {isa = PBXFileReference; lastKnownFileType = sourcecode.swift; path = ContentViewModel.swift; sourceTree = "<group>"; };
/* End PBXFileReference section */

/* Begin PBXFrameworksBuildPhase section */
		5C2CC1632AA52242006230B7 /* Frameworks */ = {
			isa = PBXFrameworksBuildPhase;
			buildActionMask = 2147483647;
			files = (
			);
			runOnlyForDeploymentPostprocessing = 0;
		};
		5C2CC1732AA52244006230B7 /* Frameworks */ = {
			isa = PBXFrameworksBuildPhase;
			buildActionMask = 2147483647;
			files = (
			);
			runOnlyForDeploymentPostprocessing = 0;
		};
		5C2CC17D2AA52244006230B7 /* Frameworks */ = {
			isa = PBXFrameworksBuildPhase;
			buildActionMask = 2147483647;
			files = (
			);
			runOnlyForDeploymentPostprocessing = 0;
		};
/* End PBXFrameworksBuildPhase section */

/* Begin PBXGroup section */
		5C2CC15D2AA52242006230B7 = {
			isa = PBXGroup;
			children = (
				5C2CC1682AA52242006230B7 /* Superhero-API-iOS */,
				5C2CC1792AA52244006230B7 /* Superhero-API-iOSTests */,
				5C2CC1832AA52244006230B7 /* Superhero-API-iOSUITests */,
				5C2CC1672AA52242006230B7 /* Products */,
			);
			sourceTree = "<group>";
		};
		5C2CC1672AA52242006230B7 /* Products */ = {
			isa = PBXGroup;
			children = (
				5C2CC1662AA52242006230B7 /* Superhero-API-iOS.app */,
				5C2CC1762AA52244006230B7 /* Superhero-API-iOSTests.xctest */,
				5C2CC1802AA52244006230B7 /* Superhero-API-iOSUITests.xctest */,
			);
			name = Products;
			sourceTree = "<group>";
		};
		5C2CC1682AA52242006230B7 /* Superhero-API-iOS */ = {
			isa = PBXGroup;
			children = (
				5C2CC1982AA52BD8006230B7 /* Info.plist */,
				5C2CC1972AA52B2E006230B7 /* Superhero-API-iOS.entitlements */,
				5C2CC1692AA52242006230B7 /* Superhero_API_iOSApp.swift */,
				5C2CC16B2AA52242006230B7 /* ContentView.swift */,
				5C2CC1992AA5404C006230B7 /* ContentViewModel.swift */,
				5C2CC1932AA5251C006230B7 /* APIService.swift */,
				5C2CC1952AA52527006230B7 /* SuperheroModel.swift */,
				5C2CC16D2AA52243006230B7 /* Assets.xcassets */,
				5C2CC16F2AA52243006230B7 /* Preview Content */,
			);
			path = "Superhero-API-iOS";
			sourceTree = "<group>";
		};
		5C2CC16F2AA52243006230B7 /* Preview Content */ = {
			isa = PBXGroup;
			children = (
				5C2CC1702AA52243006230B7 /* Preview Assets.xcassets */,
			);
			path = "Preview Content";
			sourceTree = "<group>";
		};
		5C2CC1792AA52244006230B7 /* Superhero-API-iOSTests */ = {
			isa = PBXGroup;
			children = (
				5C2CC17A2AA52244006230B7 /* Superhero_API_iOSTests.swift */,
			);
			path = "Superhero-API-iOSTests";
			sourceTree = "<group>";
		};
		5C2CC1832AA52244006230B7 /* Superhero-API-iOSUITests */ = {
			isa = PBXGroup;
			children = (
				5C2CC1842AA52244006230B7 /* Superhero_API_iOSUITests.swift */,
				5C2CC1862AA52244006230B7 /* Superhero_API_iOSUITestsLaunchTests.swift */,
			);
			path = "Superhero-API-iOSUITests";
			sourceTree = "<group>";
		};
/* End PBXGroup section */

/* Begin PBXNativeTarget section */
		5C2CC1652AA52242006230B7 /* Superhero-API-iOS */ = {
			isa = PBXNativeTarget;
			buildConfigurationList = 5C2CC18A2AA52244006230B7 /* Build configuration list for PBXNativeTarget "Superhero-API-iOS" */;
			buildPhases = (
				5C2CC1622AA52242006230B7 /* Sources */,
				5C2CC1632AA52242006230B7 /* Frameworks */,
				5C2CC1642AA52242006230B7 /* Resources */,
			);
			buildRules = (
			);
			dependencies = (
			);
			name = "Superhero-API-iOS";
			productName = "Superhero-API-iOS";
			productReference = 5C2CC1662AA52242006230B7 /* Superhero-API-iOS.app */;
			productType = "com.apple.product-type.application";
		};
		5C2CC1752AA52244006230B7 /* Superhero-API-iOSTests */ = {
			isa = PBXNativeTarget;
			buildConfigurationList = 5C2CC18D2AA52244006230B7 /* Build configuration list for PBXNativeTarget "Superhero-API-iOSTests" */;
			buildPhases = (
				5C2CC1722AA52244006230B7 /* Sources */,
				5C2CC1732AA52244006230B7 /* Frameworks */,
				5C2CC1742AA52244006230B7 /* Resources */,
			);
			buildRules = (
			);
			dependencies = (
				5C2CC1782AA52244006230B7 /* PBXTargetDependency */,
			);
			name = "Superhero-API-iOSTests";
			productName = "Superhero-API-iOSTests";
			productReference = 5C2CC1762AA52244006230B7 /* Superhero-API-iOSTests.xctest */;
			productType = "com.apple.product-type.bundle.unit-test";
		};
		5C2CC17F2AA52244006230B7 /* Superhero-API-iOSUITests */ = {
			isa = PBXNativeTarget;
			buildConfigurationList = 5C2CC1902AA52244006230B7 /* Build configuration list for PBXNativeTarget "Superhero-API-iOSUITests" */;
			buildPhases = (
				5C2CC17C2AA52244006230B7 /* Sources */,
				5C2CC17D2AA52244006230B7 /* Frameworks */,
				5C2CC17E2AA52244006230B7 /* Resources */,
			);
			buildRules = (
			);
			dependencies = (
				5C2CC1822AA52244006230B7 /* PBXTargetDependency */,
			);
			name = "Superhero-API-iOSUITests";
			productName = "Superhero-API-iOSUITests";
			productReference = 5C2CC1802AA52244006230B7 /* Superhero-API-iOSUITests.xctest */;
			productType = "com.apple.product-type.bundle.ui-testing";
		};
/* End PBXNativeTarget section */

/* Begin PBXProject section */
		5C2CC15E2AA52242006230B7 /* Project object */ = {
			isa = PBXProject;
			attributes = {
				BuildIndependentTargetsInParallel = 1;
				LastSwiftUpdateCheck = 1430;
				LastUpgradeCheck = 1430;
				TargetAttributes = {
					5C2CC1652AA52242006230B7 = {
						CreatedOnToolsVersion = 14.3.1;
					};
					5C2CC1752AA52244006230B7 = {
						CreatedOnToolsVersion = 14.3.1;
						TestTargetID = 5C2CC1652AA52242006230B7;
					};
					5C2CC17F2AA52244006230B7 = {
						CreatedOnToolsVersion = 14.3.1;
						TestTargetID = 5C2CC1652AA52242006230B7;
					};
				};
			};
			buildConfigurationList = 5C2CC1612AA52242006230B7 /* Build configuration list for PBXProject "Superhero-API-iOS" */;
			compatibilityVersion = "Xcode 14.0";
			developmentRegion = en;
			hasScannedForEncodings = 0;
			knownRegions = (
				en,
				Base,
			);
			mainGroup = 5C2CC15D2AA52242006230B7;
			productRefGroup = 5C2CC1672AA52242006230B7 /* Products */;
			projectDirPath = "";
			projectRoot = "";
			targets = (
				5C2CC1652AA52242006230B7 /* Superhero-API-iOS */,
				5C2CC1752AA52244006230B7 /* Superhero-API-iOSTests */,
				5C2CC17F2AA52244006230B7 /* Superhero-API-iOSUITests */,
			);
		};
/* End PBXProject section */

/* Begin PBXResourcesBuildPhase section */
		5C2CC1642AA52242006230B7 /* Resources */ = {
			isa = PBXResourcesBuildPhase;
			buildActionMask = 2147483647;
			files = (
				5C2CC1712AA52243006230B7 /* Preview Assets.xcassets in Resources */,
				5C2CC16E2AA52243006230B7 /* Assets.xcassets in Resources */,
			);
			runOnlyForDeploymentPostprocessing = 0;
		};
		5C2CC1742AA52244006230B7 /* Resources */ = {
			isa = PBXResourcesBuildPhase;
			buildActionMask = 2147483647;
			files = (
			);
			runOnlyForDeploymentPostprocessing = 0;
		};
		5C2CC17E2AA52244006230B7 /* Resources */ = {
			isa = PBXResourcesBuildPhase;
			buildActionMask = 2147483647;
			files = (
			);
			runOnlyForDeploymentPostprocessing = 0;
		};
/* End PBXResourcesBuildPhase section */

/* Begin PBXSourcesBuildPhase section */
		5C2CC1622AA52242006230B7 /* Sources */ = {
			isa = PBXSourcesBuildPhase;
			buildActionMask = 2147483647;
			files = (
				5C2CC16C2AA52242006230B7 /* ContentView.swift in Sources */,
				5C2CC1962AA52527006230B7 /* SuperheroModel.swift in Sources */,
				5C2CC1942AA5251C006230B7 /* APIService.swift in Sources */,
				5C2CC16A2AA52242006230B7 /* Superhero_API_iOSApp.swift in Sources */,
				5C2CC19A2AA5404C006230B7 /* ContentViewModel.swift in Sources */,
			);
			runOnlyForDeploymentPostprocessing = 0;
		};
		5C2CC1722AA52244006230B7 /* Sources */ = {
			isa = PBXSourcesBuildPhase;
			buildActionMask = 2147483647;
			files = (
				5C2CC17B2AA52244006230B7 /* Superhero_API_iOSTests.swift in Sources */,
			);
			runOnlyForDeploymentPostprocessing = 0;
		};
		5C2CC17C2AA52244006230B7 /* Sources */ = {
			isa = PBXSourcesBuildPhase;
			buildActionMask = 2147483647;
			files = (
				5C2CC1852AA52244006230B7 /* Superhero_API_iOSUITests.swift in Sources */,
				5C2CC1872AA52244006230B7 /* Superhero_API_iOSUITestsLaunchTests.swift in Sources */,
			);
			runOnlyForDeploymentPostprocessing = 0;
		};
/* End PBXSourcesBuildPhase section */

/* Begin PBXTargetDependency section */
		5C2CC1782AA52244006230B7 /* PBXTargetDependency */ = {
			isa = PBXTargetDependency;
			target = 5C2CC1652AA52242006230B7 /* Superhero-API-iOS */;
			targetProxy = 5C2CC1772AA52244006230B7 /* PBXContainerItemProxy */;
		};
		5C2CC1822AA52244006230B7 /* PBXTargetDependency */ = {
			isa = PBXTargetDependency;
			target = 5C2CC1652AA52242006230B7 /* Superhero-API-iOS */;
			targetProxy = 5C2CC1812AA52244006230B7 /* PBXContainerItemProxy */;
		};
/* End PBXTargetDependency section */

/* Begin XCBuildConfiguration section */
		5C2CC1882AA52244006230B7 /* Debug */ = {
			isa = XCBuildConfiguration;
			buildSettings = {
				ALWAYS_SEARCH_USER_PATHS = NO;
				CLANG_ANALYZER_NONNULL = YES;
				CLANG_ANALYZER_NUMBER_OBJECT_CONVERSION = YES_AGGRESSIVE;
				CLANG_CXX_LANGUAGE_STANDARD = "gnu++20";
				CLANG_ENABLE_MODULES = YES;
				CLANG_ENABLE_OBJC_ARC = YES;
				CLANG_ENABLE_OBJC_WEAK = YES;
				CLANG_WARN_BLOCK_CAPTURE_AUTORELEASING = YES;
				CLANG_WARN_BOOL_CONVERSION = YES;
				CLANG_WARN_COMMA = YES;
				CLANG_WARN_CONSTANT_CONVERSION = YES;
				CLANG_WARN_DEPRECATED_OBJC_IMPLEMENTATIONS = YES;
				CLANG_WARN_DIRECT_OBJC_ISA_USAGE = YES_ERROR;
				CLANG_WARN_DOCUMENTATION_COMMENTS = YES;
				CLANG_WARN_EMPTY_BODY = YES;
				CLANG_WARN_ENUM_CONVERSION = YES;
				CLANG_WARN_INFINITE_RECURSION = YES;
				CLANG_WARN_INT_CONVERSION = YES;
				CLANG_WARN_NON_LITERAL_NULL_CONVERSION = YES;
				CLANG_WARN_OBJC_IMPLICIT_RETAIN_SELF = YES;
				CLANG_WARN_OBJC_LITERAL_CONVERSION = YES;
				CLANG_WARN_OBJC_ROOT_CLASS = YES_ERROR;
				CLANG_WARN_QUOTED_INCLUDE_IN_FRAMEWORK_HEADER = YES;
				CLANG_WARN_RANGE_LOOP_ANALYSIS = YES;
				CLANG_WARN_STRICT_PROTOTYPES = YES;
				CLANG_WARN_SUSPICIOUS_MOVE = YES;
				CLANG_WARN_UNGUARDED_AVAILABILITY = YES_AGGRESSIVE;
				CLANG_WARN_UNREACHABLE_CODE = YES;
				CLANG_WARN__DUPLICATE_METHOD_MATCH = YES;
				COPY_PHASE_STRIP = NO;
				DEBUG_INFORMATION_FORMAT = dwarf;
				ENABLE_STRICT_OBJC_MSGSEND = YES;
				ENABLE_TESTABILITY = YES;
				GCC_C_LANGUAGE_STANDARD = gnu11;
				GCC_DYNAMIC_NO_PIC = NO;
				GCC_NO_COMMON_BLOCKS = YES;
				GCC_OPTIMIZATION_LEVEL = 0;
				GCC_PREPROCESSOR_DEFINITIONS = (
					"DEBUG=1",
					"$(inherited)",
				);
				GCC_WARN_64_TO_32_BIT_CONVERSION = YES;
				GCC_WARN_ABOUT_RETURN_TYPE = YES_ERROR;
				GCC_WARN_UNDECLARED_SELECTOR = YES;
				GCC_WARN_UNINITIALIZED_AUTOS = YES_AGGRESSIVE;
				GCC_WARN_UNUSED_FUNCTION = YES;
				GCC_WARN_UNUSED_VARIABLE = YES;
				IPHONEOS_DEPLOYMENT_TARGET = 16.4;
				MTL_ENABLE_DEBUG_INFO = INCLUDE_SOURCE;
				MTL_FAST_MATH = YES;
				ONLY_ACTIVE_ARCH = YES;
				SDKROOT = iphoneos;
				SWIFT_ACTIVE_COMPILATION_CONDITIONS = DEBUG;
				SWIFT_OPTIMIZATION_LEVEL = "-Onone";
			};
			name = Debug;
		};
		5C2CC1892AA52244006230B7 /* Release */ = {
			isa = XCBuildConfiguration;
			buildSettings = {
				ALWAYS_SEARCH_USER_PATHS = NO;
				CLANG_ANALYZER_NONNULL = YES;
				CLANG_ANALYZER_NUMBER_OBJECT_CONVERSION = YES_AGGRESSIVE;
				CLANG_CXX_LANGUAGE_STANDARD = "gnu++20";
				CLANG_ENABLE_MODULES = YES;
				CLANG_ENABLE_OBJC_ARC = YES;
				CLANG_ENABLE_OBJC_WEAK = YES;
				CLANG_WARN_BLOCK_CAPTURE_AUTORELEASING = YES;
				CLANG_WARN_BOOL_CONVERSION = YES;
				CLANG_WARN_COMMA = YES;
				CLANG_WARN_CONSTANT_CONVERSION = YES;
				CLANG_WARN_DEPRECATED_OBJC_IMPLEMENTATIONS = YES;
				CLANG_WARN_DIRECT_OBJC_ISA_USAGE = YES_ERROR;
				CLANG_WARN_DOCUMENTATION_COMMENTS = YES;
				CLANG_WARN_EMPTY_BODY = YES;
				CLANG_WARN_ENUM_CONVERSION = YES;
				CLANG_WARN_INFINITE_RECURSION = YES;
				CLANG_WARN_INT_CONVERSION = YES;
				CLANG_WARN_NON_LITERAL_NULL_CONVERSION = YES;
				CLANG_WARN_OBJC_IMPLICIT_RETAIN_SELF = YES;
				CLANG_WARN_OBJC_LITERAL_CONVERSION = YES;
				CLANG_WARN_OBJC_ROOT_CLASS = YES_ERROR;
				CLANG_WARN_QUOTED_INCLUDE_IN_FRAMEWORK_HEADER = YES;
				CLANG_WARN_RANGE_LOOP_ANALYSIS = YES;
				CLANG_WARN_STRICT_PROTOTYPES = YES;
				CLANG_WARN_SUSPICIOUS_MOVE = YES;
				CLANG_WARN_UNGUARDED_AVAILABILITY = YES_AGGRESSIVE;
				CLANG_WARN_UNREACHABLE_CODE = YES;
				CLANG_WARN__DUPLICATE_METHOD_MATCH = YES;
				COPY_PHASE_STRIP = NO;
				DEBUG_INFORMATION_FORMAT = "dwarf-with-dsym";
				ENABLE_NS_ASSERTIONS = NO;
				ENABLE_STRICT_OBJC_MSGSEND = YES;
				GCC_C_LANGUAGE_STANDARD = gnu11;
				GCC_NO_COMMON_BLOCKS = YES;
				GCC_WARN_64_TO_32_BIT_CONVERSION = YES;
				GCC_WARN_ABOUT_RETURN_TYPE = YES_ERROR;
				GCC_WARN_UNDECLARED_SELECTOR = YES;
				GCC_WARN_UNINITIALIZED_AUTOS = YES_AGGRESSIVE;
				GCC_WARN_UNUSED_FUNCTION = YES;
				GCC_WARN_UNUSED_VARIABLE = YES;
				IPHONEOS_DEPLOYMENT_TARGET = 16.4;
				MTL_ENABLE_DEBUG_INFO = NO;
				MTL_FAST_MATH = YES;
				SDKROOT = iphoneos;
				SWIFT_COMPILATION_MODE = wholemodule;
				SWIFT_OPTIMIZATION_LEVEL = "-O";
				VALIDATE_PRODUCT = YES;
			};
			name = Release;
		};
		5C2CC18B2AA52244006230B7 /* Debug */ = {
			isa = XCBuildConfiguration;
			buildSettings = {
				ASSETCATALOG_COMPILER_APPICON_NAME = AppIcon;
				ASSETCATALOG_COMPILER_GLOBAL_ACCENT_COLOR_NAME = AccentColor;
				CODE_SIGN_ENTITLEMENTS = "Superhero-API-iOS/Superhero-API-iOS.entitlements";
				CODE_SIGN_STYLE = Automatic;
				CURRENT_PROJECT_VERSION = 1;
				DEVELOPMENT_ASSET_PATHS = "\"Superhero-API-iOS/Preview Content\"";
				DEVELOPMENT_TEAM = 2522W6SWRS;
				ENABLE_PREVIEWS = YES;
				GENERATE_INFOPLIST_FILE = YES;
				INFOPLIST_FILE = "Superhero-API-iOS/Info.plist";
				INFOPLIST_KEY_UIApplicationSceneManifest_Generation = YES;
				INFOPLIST_KEY_UIApplicationSupportsIndirectInputEvents = YES;
				INFOPLIST_KEY_UILaunchScreen_Generation = YES;
				INFOPLIST_KEY_UISupportedInterfaceOrientations_iPad = "UIInterfaceOrientationPortrait UIInterfaceOrientationPortraitUpsideDown UIInterfaceOrientationLandscapeLeft UIInterfaceOrientationLandscapeRight";
				INFOPLIST_KEY_UISupportedInterfaceOrientations_iPhone = "UIInterfaceOrientationPortrait UIInterfaceOrientationLandscapeLeft UIInterfaceOrientationLandscapeRight";
				LD_RUNPATH_SEARCH_PATHS = (
					"$(inherited)",
					"@executable_path/Frameworks",
				);
				MARKETING_VERSION = 1.0;
				PRODUCT_BUNDLE_IDENTIFIER = "antonini-superhero-api-iOS.Superhero-API-iOS";
				PRODUCT_NAME = "$(TARGET_NAME)";
				SWIFT_EMIT_LOC_STRINGS = YES;
				SWIFT_VERSION = 5.0;
				TARGETED_DEVICE_FAMILY = "1,2";
			};
			name = Debug;
		};
		5C2CC18C2AA52244006230B7 /* Release */ = {
			isa = XCBuildConfiguration;
			buildSettings = {
				ASSETCATALOG_COMPILER_APPICON_NAME = AppIcon;
				ASSETCATALOG_COMPILER_GLOBAL_ACCENT_COLOR_NAME = AccentColor;
				CODE_SIGN_ENTITLEMENTS = "Superhero-API-iOS/Superhero-API-iOS.entitlements";
				CODE_SIGN_STYLE = Automatic;
				CURRENT_PROJECT_VERSION = 1;
				DEVELOPMENT_ASSET_PATHS = "\"Superhero-API-iOS/Preview Content\"";
				DEVELOPMENT_TEAM = 2522W6SWRS;
				ENABLE_PREVIEWS = YES;
				GENERATE_INFOPLIST_FILE = YES;
				INFOPLIST_FILE = "Superhero-API-iOS/Info.plist";
				INFOPLIST_KEY_UIApplicationSceneManifest_Generation = YES;
				INFOPLIST_KEY_UIApplicationSupportsIndirectInputEvents = YES;
				INFOPLIST_KEY_UILaunchScreen_Generation = YES;
				INFOPLIST_KEY_UISupportedInterfaceOrientations_iPad = "UIInterfaceOrientationPortrait UIInterfaceOrientationPortraitUpsideDown UIInterfaceOrientationLandscapeLeft UIInterfaceOrientationLandscapeRight";
				INFOPLIST_KEY_UISupportedInterfaceOrientations_iPhone = "UIInterfaceOrientationPortrait UIInterfaceOrientationLandscapeLeft UIInterfaceOrientationLandscapeRight";
				LD_RUNPATH_SEARCH_PATHS = (
					"$(inherited)",
					"@executable_path/Frameworks",
				);
				MARKETING_VERSION = 1.0;
				PRODUCT_BUNDLE_IDENTIFIER = "antonini-superhero-api-iOS.Superhero-API-iOS";
				PRODUCT_NAME = "$(TARGET_NAME)";
				SWIFT_EMIT_LOC_STRINGS = YES;
				SWIFT_VERSION = 5.0;
				TARGETED_DEVICE_FAMILY = "1,2";
			};
			name = Release;
		};
		5C2CC18E2AA52244006230B7 /* Debug */ = {
			isa = XCBuildConfiguration;
			buildSettings = {
				ALWAYS_EMBED_SWIFT_STANDARD_LIBRARIES = YES;
				BUNDLE_LOADER = "$(TEST_HOST)";
				CODE_SIGN_STYLE = Automatic;
				CURRENT_PROJECT_VERSION = 1;
				DEVELOPMENT_TEAM = 2522W6SWRS;
				GENERATE_INFOPLIST_FILE = YES;
				IPHONEOS_DEPLOYMENT_TARGET = 16.4;
				MARKETING_VERSION = 1.0;
				PRODUCT_BUNDLE_IDENTIFIER = "antonini-superhero-api-iOS.Superhero-API-iOSTests";
				PRODUCT_NAME = "$(TARGET_NAME)";
				SWIFT_EMIT_LOC_STRINGS = NO;
				SWIFT_VERSION = 5.0;
				TARGETED_DEVICE_FAMILY = "1,2";
				TEST_HOST = "$(BUILT_PRODUCTS_DIR)/Superhero-API-iOS.app/$(BUNDLE_EXECUTABLE_FOLDER_PATH)/Superhero-API-iOS";
			};
			name = Debug;
		};
		5C2CC18F2AA52244006230B7 /* Release */ = {
			isa = XCBuildConfiguration;
			buildSettings = {
				ALWAYS_EMBED_SWIFT_STANDARD_LIBRARIES = YES;
				BUNDLE_LOADER = "$(TEST_HOST)";
				CODE_SIGN_STYLE = Automatic;
				CURRENT_PROJECT_VERSION = 1;
				DEVELOPMENT_TEAM = 2522W6SWRS;
				GENERATE_INFOPLIST_FILE = YES;
				IPHONEOS_DEPLOYMENT_TARGET = 16.4;
				MARKETING_VERSION = 1.0;
				PRODUCT_BUNDLE_IDENTIFIER = "antonini-superhero-api-iOS.Superhero-API-iOSTests";
				PRODUCT_NAME = "$(TARGET_NAME)";
				SWIFT_EMIT_LOC_STRINGS = NO;
				SWIFT_VERSION = 5.0;
				TARGETED_DEVICE_FAMILY = "1,2";
				TEST_HOST = "$(BUILT_PRODUCTS_DIR)/Superhero-API-iOS.app/$(BUNDLE_EXECUTABLE_FOLDER_PATH)/Superhero-API-iOS";
			};
			name = Release;
		};
		5C2CC1912AA52244006230B7 /* Debug */ = {
			isa = XCBuildConfiguration;
			buildSettings = {
				ALWAYS_EMBED_SWIFT_STANDARD_LIBRARIES = YES;
				CODE_SIGN_STYLE = Automatic;
				CURRENT_PROJECT_VERSION = 1;
				DEVELOPMENT_TEAM = 2522W6SWRS;
				GENERATE_INFOPLIST_FILE = YES;
				MARKETING_VERSION = 1.0;
				PRODUCT_BUNDLE_IDENTIFIER = "antonini-superhero-api-iOS.Superhero-API-iOSUITests";
				PRODUCT_NAME = "$(TARGET_NAME)";
				SWIFT_EMIT_LOC_STRINGS = NO;
				SWIFT_VERSION = 5.0;
				TARGETED_DEVICE_FAMILY = "1,2";
				TEST_TARGET_NAME = "Superhero-API-iOS";
			};
			name = Debug;
		};
		5C2CC1922AA52244006230B7 /* Release */ = {
			isa = XCBuildConfiguration;
			buildSettings = {
				ALWAYS_EMBED_SWIFT_STANDARD_LIBRARIES = YES;
				CODE_SIGN_STYLE = Automatic;
				CURRENT_PROJECT_VERSION = 1;
				DEVELOPMENT_TEAM = 2522W6SWRS;
				GENERATE_INFOPLIST_FILE = YES;
				MARKETING_VERSION = 1.0;
				PRODUCT_BUNDLE_IDENTIFIER = "antonini-superhero-api-iOS.Superhero-API-iOSUITests";
				PRODUCT_NAME = "$(TARGET_NAME)";
				SWIFT_EMIT_LOC_STRINGS = NO;
				SWIFT_VERSION = 5.0;
				TARGETED_DEVICE_FAMILY = "1,2";
				TEST_TARGET_NAME = "Superhero-API-iOS";
			};
			name = Release;
		};
/* End XCBuildConfiguration section */

/* Begin XCConfigurationList section */
		5C2CC1612AA52242006230B7 /* Build configuration list for PBXProject "Superhero-API-iOS" */ = {
			isa = XCConfigurationList;
			buildConfigurations = (
				5C2CC1882AA52244006230B7 /* Debug */,
				5C2CC1892AA52244006230B7 /* Release */,
			);
			defaultConfigurationIsVisible = 0;
			defaultConfigurationName = Release;
		};
		5C2CC18A2AA52244006230B7 /* Build configuration list for PBXNativeTarget "Superhero-API-iOS" */ = {
			isa = XCConfigurationList;
			buildConfigurations = (
				5C2CC18B2AA52244006230B7 /* Debug */,
				5C2CC18C2AA52244006230B7 /* Release */,
			);
			defaultConfigurationIsVisible = 0;
			defaultConfigurationName = Release;
		};
		5C2CC18D2AA52244006230B7 /* Build configuration list for PBXNativeTarget "Superhero-API-iOSTests" */ = {
			isa = XCConfigurationList;
			buildConfigurations = (
				5C2CC18E2AA52244006230B7 /* Debug */,
				5C2CC18F2AA52244006230B7 /* Release */,
			);
			defaultConfigurationIsVisible = 0;
			defaultConfigurationName = Release;
		};
		5C2CC1902AA52244006230B7 /* Build configuration list for PBXNativeTarget "Superhero-API-iOSUITests" */ = {
			isa = XCConfigurationList;
			buildConfigurations = (
				5C2CC1912AA52244006230B7 /* Debug */,
				5C2CC1922AA52244006230B7 /* Release */,
			);
			defaultConfigurationIsVisible = 0;
			defaultConfigurationName = Release;
		};
/* End XCConfigurationList section */
	};
	rootObject = 5C2CC15E2AA52242006230B7 /* Project object */;
}
